
Microsoft Visual Studio Solution File, Format Version 12.00
# Visual Studio 2012
Project("{8BC9CEB8-8B4A-11D0-8D11-00A0C91BC942}") = "ChatClient", "ChatClient\ChatClient.vcxproj", "{7C8966D7-6B5C-4238-894C-FB54AD9B6F2A}"
EndProject
Global
	GlobalSection(SolutionConfigurationPlatforms) = preSolution
		Debug|Win32 = Debug|Win32
		Release|Win32 = Release|Win32
	EndGlobalSection
	GlobalSection(ProjectConfigurationPlatforms) = postSolution
		{7C8966D7-6B5C-4238-894C-FB54AD9B6F2A}.Debug|Win32.ActiveCfg = Debug|Win32
		{7C8966D7-6B5C-4238-894C-FB54AD9B6F2A}.Debug|Win32.Build.0 = Debug|Win32
		{7C8966D7-6B5C-4238-894C-FB54AD9B6F2A}.Release|Win32.ActiveCfg = Release|Win32
		{7C8966D7-6B5C-4238-894C-FB54AD9B6F2A}.Release|Win32.Build.0 = Release|Win32
	EndGlobalSection
	GlobalSection(SolutionProperties) = preSolution
		HideSolutionNode = FALSE
	EndGlobalSection
EndGlobal
